
Microsoft Visual Studio Solution File, Format Version 12.00
# Visual Studio Version 17
VisualStudioVersion = 17.8.34309.116
MinimumVisualStudioVersion = 10.0.40219.1
Project("{FAE04EC0-301F-11D3-BF4B-00C04F79EFBC}") = "SchoolSystem", "moqandnunit\SchoolSystem.csproj", "{F3E866EE-FFCF-4429-9C3C-7AC26E08D338}"
EndProject
Project("{FAE04EC0-301F-11D3-BF4B-00C04F79EFBC}") = "SchoolSystem.Tests", "moqandnunit.test\SchoolSystem.Tests.csproj", "{020A5235-0086-4C0D-B39B-46162275ABD4}"
EndProject
Global
	GlobalSection(SolutionConfigurationPlatforms) = preSolution
		Debug|Any CPU = Debug|Any CPU
		Release|Any CPU = Release|Any CPU
	EndGlobalSection
	GlobalSection(ProjectConfigurationPlatforms) = postSolution
		{F3E866EE-FFCF-4429-9C3C-7AC26E08D338}.Debug|Any CPU.ActiveCfg = Debug|Any CPU
		{F3E866EE-FFCF-4429-9C3C-7AC26E08D338}.Debug|Any CPU.Build.0 = Debug|Any CPU
		{F3E866EE-FFCF-4429-9C3C-7AC26E08D338}.Release|Any CPU.ActiveCfg = Release|Any CPU
		{F3E866EE-FFCF-4429-9C3C-7AC26E08D338}.Release|Any CPU.Build.0 = Release|Any CPU
		{020A5235-0086-4C0D-B39B-46162275ABD4}.Debug|Any CPU.ActiveCfg = Debug|Any CPU
		{020A5235-0086-4C0D-B39B-46162275ABD4}.Debug|Any CPU.Build.0 = Debug|Any CPU
		{020A5235-0086-4C0D-B39B-46162275ABD4}.Release|Any CPU.ActiveCfg = Release|Any CPU
		{020A5235-0086-4C0D-B39B-46162275ABD4}.Release|Any CPU.Build.0 = Release|Any CPU
	EndGlobalSection
	GlobalSection(SolutionProperties) = preSolution
		HideSolutionNode = FALSE
	EndGlobalSection
	GlobalSection(ExtensibilityGlobals) = postSolution
		SolutionGuid = {F97BA840-7C14-4851-994B-C48C2F94C31B}
	EndGlobalSection
EndGlobal
